
Microsoft Visual Studio Solution File, Format Version 12.00
# Visual Studio Version 17
VisualStudioVersion = 17.2.32602.215
MinimumVisualStudioVersion = 10.0.40219.1
Project("{FAE04EC0-301F-11D3-BF4B-00C04F79EFBC}") = "ServicioRecordatorio", "ServicioRecordatorio\ServicioRecordatorio.csproj", "{C38B052A-1C28-4342-85D4-0BC31D507FEB}"
EndProject
Global
	GlobalSection(SolutionConfigurationPlatforms) = preSolution
		Debug|Any CPU = Debug|Any CPU
		Release|Any CPU = Release|Any CPU
	EndGlobalSection
	GlobalSection(ProjectConfigurationPlatforms) = postSolution
		{C38B052A-1C28-4342-85D4-0BC31D507FEB}.Debug|Any CPU.ActiveCfg = Debug|Any CPU
		{C38B052A-1C28-4342-85D4-0BC31D507FEB}.Debug|Any CPU.Build.0 = Debug|Any CPU
		{C38B052A-1C28-4342-85D4-0BC31D507FEB}.Release|Any CPU.ActiveCfg = Release|Any CPU
		{C38B052A-1C28-4342-85D4-0BC31D507FEB}.Release|Any CPU.Build.0 = Release|Any CPU
	EndGlobalSection
	GlobalSection(SolutionProperties) = preSolution
		HideSolutionNode = FALSE
	EndGlobalSection
	GlobalSection(ExtensibilityGlobals) = postSolution
		SolutionGuid = {58E98C1F-FEE2-46D0-BEB7-DE6241644DC1}
	EndGlobalSection
EndGlobal
